# This file is automatically @generated by Poetry 1.8.2 and should not be changed by hand.

[[package]]
name = "autopep8"
version = "2.0.4"
description = "A tool that automatically formats Python code to conform to the PEP 8 style guide"
optional = false
python-versions = ">=3.6"
files = [
    {file = "autopep8-2.0.4-py2.py3-none-any.whl", hash = "sha256:067959ca4a07b24dbd5345efa8325f5f58da4298dab0dde0443d5ed765de80cb"},
    {file = "autopep8-2.0.4.tar.gz", hash = "sha256:2913064abd97b3419d1cc83ea71f042cb821f87e45b9c88cad5ad3c4ea87fe0c"},
]

[package.dependencies]
pycodestyle = ">=2.10.0"
tomli = {version = "*", markers = "python_version < \"3.11\""}

[[package]]
name = "grpcio"
version = "1.58.0"
description = "HTTP/2-based RPC framework"
optional = false
python-versions = ">=3.7"
files = [
    {file = "grpcio-1.58.0-cp310-cp310-linux_armv7l.whl", hash = "sha256:3e6bebf1dfdbeb22afd95650e4f019219fef3ab86d3fca8ebade52e4bc39389a"},
    {file = "grpcio-1.58.0-cp310-cp310-macosx_12_0_universal2.whl", hash = "sha256:cde11577d5b6fd73a00e6bfa3cf5f428f3f33c2d2878982369b5372bbc4acc60"},
    {file = "grpcio-1.58.0-cp310-cp310-manylinux_2_17_aarch64.whl", hash = "sha256:a2d67ff99e70e86b2be46c1017ae40b4840d09467d5455b2708de6d4c127e143"},
    {file = "grpcio-1.58.0-cp310-cp310-manylinux_2_17_i686.manylinux2014_i686.whl", hash = "sha256:1ed979b273a81de36fc9c6716d9fb09dd3443efa18dcc8652501df11da9583e9"},
    {file = "grpcio-1.58.0-cp310-cp310-manylinux_2_17_x86_64.manylinux2014_x86_64.whl", hash = "sha256:458899d2ebd55d5ca2350fd3826dfd8fcb11fe0f79828ae75e2b1e6051d50a29"},
    {file = "grpcio-1.58.0-cp310-cp310-musllinux_1_1_i686.whl", hash = "sha256:bc7ffef430b80345729ff0a6825e9d96ac87efe39216e87ac58c6c4ef400de93"},
    {file = "grpcio-1.58.0-cp310-cp310-musllinux_1_1_x86_64.whl", hash = "sha256:5b23d75e5173faa3d1296a7bedffb25afd2fddb607ef292dfc651490c7b53c3d"},
    {file = "grpcio-1.58.0-cp310-cp310-win32.whl", hash = "sha256:fad9295fe02455d4f158ad72c90ef8b4bcaadfdb5efb5795f7ab0786ad67dd58"},
    {file = "grpcio-1.58.0-cp310-cp310-win_amd64.whl", hash = "sha256:bc325fed4d074367bebd465a20763586e5e1ed5b943e9d8bc7c162b1f44fd602"},
    {file = "grpcio-1.58.0-cp311-cp311-linux_armv7l.whl", hash = "sha256:652978551af02373a5a313e07bfef368f406b5929cf2d50fa7e4027f913dbdb4"},
    {file = "grpcio-1.58.0-cp311-cp311-macosx_10_10_universal2.whl", hash = "sha256:9f13a171281ebb4d7b1ba9f06574bce2455dcd3f2f6d1fbe0fd0d84615c74045"},
    {file = "grpcio-1.58.0-cp311-cp311-manylinux_2_17_aarch64.whl", hash = "sha256:8774219e21b05f750eef8adc416e9431cf31b98f6ce9def288e4cea1548cbd22"},
    {file = "grpcio-1.58.0-cp311-cp311-manylinux_2_17_i686.manylinux2014_i686.whl", hash = "sha256:09206106848462763f7f273ca93d2d2d4d26cab475089e0de830bb76be04e9e8"},
    {file = "grpcio-1.58.0-cp311-cp311-manylinux_2_17_x86_64.manylinux2014_x86_64.whl", hash = "sha256:62831d5e251dd7561d9d9e83a0b8655084b2a1f8ea91e4bd6b3cedfefd32c9d2"},
    {file = "grpcio-1.58.0-cp311-cp311-musllinux_1_1_i686.whl", hash = "sha256:212f38c6a156862098f6bdc9a79bf850760a751d259d8f8f249fc6d645105855"},
    {file = "grpcio-1.58.0-cp311-cp311-musllinux_1_1_x86_64.whl", hash = "sha256:4b12754af201bb993e6e2efd7812085ddaaef21d0a6f0ff128b97de1ef55aa4a"},
    {file = "grpcio-1.58.0-cp311-cp311-win32.whl", hash = "sha256:3886b4d56bd4afeac518dbc05933926198aa967a7d1d237a318e6fbc47141577"},
    {file = "grpcio-1.58.0-cp311-cp311-win_amd64.whl", hash = "sha256:002f228d197fea12797a14e152447044e14fb4fdb2eb5d6cfa496f29ddbf79ef"},
    {file = "grpcio-1.58.0-cp37-cp37m-linux_armv7l.whl", hash = "sha256:b5e8db0aff0a4819946215f156bd722b6f6c8320eb8419567ffc74850c9fd205"},
    {file = "grpcio-1.58.0-cp37-cp37m-macosx_10_10_universal2.whl", hash = "sha256:201e550b7e2ede113b63e718e7ece93cef5b0fbf3c45e8fe4541a5a4305acd15"},
    {file = "grpcio-1.58.0-cp37-cp37m-manylinux_2_17_aarch64.whl", hash = "sha256:d79b660681eb9bc66cc7cbf78d1b1b9e335ee56f6ea1755d34a31108b80bd3c8"},
    {file = "grpcio-1.58.0-cp37-cp37m-manylinux_2_17_i686.manylinux2014_i686.whl", hash = "sha256:2ef8d4a76d2c7d8065aba829f8d0bc0055495c998dce1964ca5b302d02514fb3"},
    {file = "grpcio-1.58.0-cp37-cp37m-manylinux_2_17_x86_64.manylinux2014_x86_64.whl", hash = "sha256:6cba491c638c76d3dc6c191d9c75041ca5b8f5c6de4b8327ecdcab527f130bb4"},
    {file = "grpcio-1.58.0-cp37-cp37m-musllinux_1_1_i686.whl", hash = "sha256:6801ff6652ecd2aae08ef994a3e49ff53de29e69e9cd0fd604a79ae4e545a95c"},
    {file = "grpcio-1.58.0-cp37-cp37m-musllinux_1_1_x86_64.whl", hash = "sha256:24edec346e69e672daf12b2c88e95c6f737f3792d08866101d8c5f34370c54fd"},
    {file = "grpcio-1.58.0-cp37-cp37m-win_amd64.whl", hash = "sha256:7e473a7abad9af48e3ab5f3b5d237d18208024d28ead65a459bd720401bd2f8f"},
    {file = "grpcio-1.58.0-cp38-cp38-linux_armv7l.whl", hash = "sha256:4891bbb4bba58acd1d620759b3be11245bfe715eb67a4864c8937b855b7ed7fa"},
    {file = "grpcio-1.58.0-cp38-cp38-macosx_10_10_universal2.whl", hash = "sha256:e9f995a8a421405958ff30599b4d0eec244f28edc760de82f0412c71c61763d2"},
    {file = "grpcio-1.58.0-cp38-cp38-manylinux_2_17_aarch64.whl", hash = "sha256:2f85f87e2f087d9f632c085b37440a3169fda9cdde80cb84057c2fc292f8cbdf"},
    {file = "grpcio-1.58.0-cp38-cp38-manylinux_2_17_i686.manylinux2014_i686.whl", hash = "sha256:eb6b92036ff312d5b4182fa72e8735d17aceca74d0d908a7f08e375456f03e07"},
    {file = "grpcio-1.58.0-cp38-cp38-manylinux_2_17_x86_64.manylinux2014_x86_64.whl", hash = "sha256:d81c2b2b24c32139dd2536972f1060678c6b9fbd106842a9fcdecf07b233eccd"},
    {file = "grpcio-1.58.0-cp38-cp38-musllinux_1_1_i686.whl", hash = "sha256:fbcecb6aedd5c1891db1d70efbfbdc126c986645b5dd616a045c07d6bd2dfa86"},
    {file = "grpcio-1.58.0-cp38-cp38-musllinux_1_1_x86_64.whl", hash = "sha256:92ae871a902cf19833328bd6498ec007b265aabf2fda845ab5bd10abcaf4c8c6"},
    {file = "grpcio-1.58.0-cp38-cp38-win32.whl", hash = "sha256:dc72e04620d49d3007771c0e0348deb23ca341c0245d610605dddb4ac65a37cb"},
    {file = "grpcio-1.58.0-cp38-cp38-win_amd64.whl", hash = "sha256:1c1c5238c6072470c7f1614bf7c774ffde6b346a100521de9ce791d1e4453afe"},
    {file = "grpcio-1.58.0-cp39-cp39-linux_armv7l.whl", hash = "sha256:fe643af248442221db027da43ed43e53b73e11f40c9043738de9a2b4b6ca7697"},
    {file = "grpcio-1.58.0-cp39-cp39-macosx_10_10_universal2.whl", hash = "sha256:128eb1f8e70676d05b1b0c8e6600320fc222b3f8c985a92224248b1367122188"},
    {file = "grpcio-1.58.0-cp39-cp39-manylinux_2_17_aarch64.whl", hash = "sha256:039003a5e0ae7d41c86c768ef8b3ee2c558aa0a23cf04bf3c23567f37befa092"},
    {file = "grpcio-1.58.0-cp39-cp39-manylinux_2_17_i686.manylinux2014_i686.whl", hash = "sha256:8f061722cad3f9aabb3fbb27f3484ec9d4667b7328d1a7800c3c691a98f16bb0"},
    {file = "grpcio-1.58.0-cp39-cp39-manylinux_2_17_x86_64.manylinux2014_x86_64.whl", hash = "sha256:ba0af11938acf8cd4cf815c46156bcde36fa5850518120920d52620cc3ec1830"},
    {file = "grpcio-1.58.0-cp39-cp39-musllinux_1_1_i686.whl", hash = "sha256:d4cef77ad2fed42b1ba9143465856d7e737279854e444925d5ba45fc1f3ba727"},
    {file = "grpcio-1.58.0-cp39-cp39-musllinux_1_1_x86_64.whl", hash = "sha256:24765a627eb4d9288ace32d5104161c3654128fe27f2808ecd6e9b0cfa7fc8b9"},
    {file = "grpcio-1.58.0-cp39-cp39-win32.whl", hash = "sha256:f0241f7eb0d2303a545136c59bc565a35c4fc3b924ccbd69cb482f4828d6f31c"},
    {file = "grpcio-1.58.0-cp39-cp39-win_amd64.whl", hash = "sha256:dcfba7befe3a55dab6fe1eb7fc9359dc0c7f7272b30a70ae0af5d5b063842f28"},
    {file = "grpcio-1.58.0.tar.gz", hash = "sha256:532410c51ccd851b706d1fbc00a87be0f5312bd6f8e5dbf89d4e99c7f79d7499"},
]

[package.extras]
protobuf = ["grpcio-tools (>=1.58.0)"]

[[package]]
name = "grpcio-tools"
version = "1.58.0"
description = "Protobuf code generator for gRPC"
optional = false
python-versions = ">=3.7"
files = [
    {file = "grpcio-tools-1.58.0.tar.gz", hash = "sha256:6f4d80ceb591e31ca4dceec747dbe56132e1392a0a9bb1c8fe001d1b5cac898a"},
    {file = "grpcio_tools-1.58.0-cp310-cp310-linux_armv7l.whl", hash = "sha256:60c874908f3b40f32f1bb0221f7b3ab65ecb53a4d0a9f0a394f031f1b292c177"},
    {file = "grpcio_tools-1.58.0-cp310-cp310-macosx_12_0_universal2.whl", hash = "sha256:1852e798f31e5437ca7b37abc910e028b34732fb19364862cedb87b1dab66fad"},
    {file = "grpcio_tools-1.58.0-cp310-cp310-manylinux_2_17_aarch64.whl", hash = "sha256:149fb48f53cb691a6328f68bed8e4036c730f7106b7f98e92c2c0403f0b9e93c"},
    {file = "grpcio_tools-1.58.0-cp310-cp310-manylinux_2_17_i686.manylinux2014_i686.whl", hash = "sha256:ba3d383e5ca93826038b70f326fce8e8d12dd9b2f64d363a3d612f7475f12dd2"},
    {file = "grpcio_tools-1.58.0-cp310-cp310-manylinux_2_17_x86_64.manylinux2014_x86_64.whl", hash = "sha256:6997511e9d2979f7a2389479682dbb06823f21a904e8fb0a5c6baaf1b4b4a863"},
    {file = "grpcio_tools-1.58.0-cp310-cp310-musllinux_1_1_i686.whl", hash = "sha256:8de0b701da479643f71fad71fe66885cddd89441ae16e2c724939b47742dc72e"},
    {file = "grpcio_tools-1.58.0-cp310-cp310-musllinux_1_1_x86_64.whl", hash = "sha256:43cc23908b63fcaefe690b10f68a2d8652c994b5b36ab77d2271d9608c895320"},
    {file = "grpcio_tools-1.58.0-cp310-cp310-win32.whl", hash = "sha256:2c2221123d010dc6231799e63a37f2f4786bf614ef65b23009c387cd20d8b193"},
    {file = "grpcio_tools-1.58.0-cp310-cp310-win_amd64.whl", hash = "sha256:df2788736bdf58abe7b0e4d6b1ff806f7686c98c5ad900da312252e3322d91c4"},
    {file = "grpcio_tools-1.58.0-cp311-cp311-linux_armv7l.whl", hash = "sha256:b6ea5578712cdb29b0ff60bfc6405bf0e8d681b9c71d106dd1cda54fe7fe4e55"},
    {file = "grpcio_tools-1.58.0-cp311-cp311-macosx_10_10_universal2.whl", hash = "sha256:c29880f491581c83181c0a84a4d11402af2b13166a5266f64e246adf1da7aa66"},
    {file = "grpcio_tools-1.58.0-cp311-cp311-manylinux_2_17_aarch64.whl", hash = "sha256:32d51e933c3565414dd0835f930bb28a1cdeba435d9d2c87fa3cf8b1d284db3c"},
    {file = "grpcio_tools-1.58.0-cp311-cp311-manylinux_2_17_i686.manylinux2014_i686.whl", hash = "sha256:8ad9d77f25514584b1ddc981d70c9e50dfcfc388aa5ba943eee67520c5267ed9"},
    {file = "grpcio_tools-1.58.0-cp311-cp311-manylinux_2_17_x86_64.manylinux2014_x86_64.whl", hash = "sha256:4882382631e6352819059278a5c878ce0b067008dd490911d16d5616e8a36d85"},
    {file = "grpcio_tools-1.58.0-cp311-cp311-musllinux_1_1_i686.whl", hash = "sha256:d84091a189d848d94645b7c48b61734c12ec03b0d46e5fc0049343a26989ac5c"},
    {file = "grpcio_tools-1.58.0-cp311-cp311-musllinux_1_1_x86_64.whl", hash = "sha256:85ac28a9621e9b92a3fc416288c4ce45542db0b4c31b3e23031dd8e0a0ec5590"},
    {file = "grpcio_tools-1.58.0-cp311-cp311-win32.whl", hash = "sha256:7371d8ea80234b29affec145e25569523f549520ed7e53b2aa92bed412cdecfd"},
    {file = "grpcio_tools-1.58.0-cp311-cp311-win_amd64.whl", hash = "sha256:6997df6e7c5cf4d3ddc764240c1ff6a04b45d70ec28913b38fbc6396ef743e12"},
    {file = "grpcio_tools-1.58.0-cp37-cp37m-linux_armv7l.whl", hash = "sha256:ac65b8d6e3acaf88b815edf9af88ff844b6600ff3d2591c05ba4f655b45d5fb4"},
    {file = "grpcio_tools-1.58.0-cp37-cp37m-macosx_10_10_universal2.whl", hash = "sha256:88e8191d0dd789bebf42533808728f5ce75d2c51e2a72bdf20abe5b5e3fbec42"},
    {file = "grpcio_tools-1.58.0-cp37-cp37m-manylinux_2_17_aarch64.whl", hash = "sha256:a3dbece2a121761499a659b799979d4b738586d1065439053de553773eee11ca"},
    {file = "grpcio_tools-1.58.0-cp37-cp37m-manylinux_2_17_i686.manylinux2014_i686.whl", hash = "sha256:1086fe240c4c879b9721952b47d46996deb283c2d9355a8dc24a804811aacf70"},
    {file = "grpcio_tools-1.58.0-cp37-cp37m-manylinux_2_17_x86_64.manylinux2014_x86_64.whl", hash = "sha256:a7ae3dca059d5b358dd03fb63277428fa7d771605d4074a019138dd38d70719a"},
    {file = "grpcio_tools-1.58.0-cp37-cp37m-musllinux_1_1_i686.whl", hash = "sha256:3f8904ac7fc3da2e874f00b3a986e8b7e004f499344a8e7eb213c26dfb025041"},
    {file = "grpcio_tools-1.58.0-cp37-cp37m-musllinux_1_1_x86_64.whl", hash = "sha256:aadbd8393ae332e49731adb31e741f2e689989150569b7acc939f5ea43124e2d"},
    {file = "grpcio_tools-1.58.0-cp37-cp37m-win_amd64.whl", hash = "sha256:1cb6e24194786687d4f23c64de1f0ce553af51de22746911bc37340f85f9783e"},
    {file = "grpcio_tools-1.58.0-cp38-cp38-linux_armv7l.whl", hash = "sha256:6ec43909095c630df3e479e77469bdad367067431f4af602f6ccb978a3b78afd"},
    {file = "grpcio_tools-1.58.0-cp38-cp38-macosx_10_10_universal2.whl", hash = "sha256:4be49ed320b0ebcbc21d19ef555fbf229c1c452105522b728e1171ee2052078e"},
    {file = "grpcio_tools-1.58.0-cp38-cp38-manylinux_2_17_aarch64.whl", hash = "sha256:28eefebddec3d3adf19baca78f8b82a2287d358e1b1575ae018cdca8eacc6269"},
    {file = "grpcio_tools-1.58.0-cp38-cp38-manylinux_2_17_i686.manylinux2014_i686.whl", hash = "sha256:2ef8c696e9d78676cc3f583a92bbbf2c84e94e350f7ad22f150a52559f4599d1"},
    {file = "grpcio_tools-1.58.0-cp38-cp38-manylinux_2_17_x86_64.manylinux2014_x86_64.whl", hash = "sha256:9aeb5949e46558d21c51fd3ec3eeecc59c94dbca76c67c0a80d3da6b7437930c"},
    {file = "grpcio_tools-1.58.0-cp38-cp38-musllinux_1_1_i686.whl", hash = "sha256:6f7144aad9396d35fb1b80429600a970b559c2ad4d07020eeb180fe83cea2bee"},
    {file = "grpcio_tools-1.58.0-cp38-cp38-musllinux_1_1_x86_64.whl", hash = "sha256:4ee26e9253a721fff355737649678535f76cf5d642aa3ac0cd937832559b90af"},
    {file = "grpcio_tools-1.58.0-cp38-cp38-win32.whl", hash = "sha256:343f572312039059a8797d6e29a7fc62196e73131ab01755660a9d48202267c1"},
    {file = "grpcio_tools-1.58.0-cp38-cp38-win_amd64.whl", hash = "sha256:cd7acfbb43b7338a78cf4a67528d05530d574d92b7c829d185b78dfc451d158f"},
    {file = "grpcio_tools-1.58.0-cp39-cp39-linux_armv7l.whl", hash = "sha256:46628247fbce86d18232eead24bd22ed0826c79f3fe2fc2fbdbde45971361049"},
    {file = "grpcio_tools-1.58.0-cp39-cp39-macosx_10_10_universal2.whl", hash = "sha256:51587842a54e025a3d0d37afcf4ef2b7ac1def9a5d17448665cb424b53d6c287"},
    {file = "grpcio_tools-1.58.0-cp39-cp39-manylinux_2_17_aarch64.whl", hash = "sha256:a062ae3072a2a39a3c057f4d68b57b021f1dd2956cd09aab39709f6af494e1de"},
    {file = "grpcio_tools-1.58.0-cp39-cp39-manylinux_2_17_i686.manylinux2014_i686.whl", hash = "sha256:eec3c93a08df11c80ef1c29a616bcbb0d83dbc6ea41b48306fcacc720416dfa7"},
    {file = "grpcio_tools-1.58.0-cp39-cp39-manylinux_2_17_x86_64.manylinux2014_x86_64.whl", hash = "sha256:b63f823ac991ff77104da614d2a2485a59d37d57830eb2e387a6e2a3edc7fa2b"},
    {file = "grpcio_tools-1.58.0-cp39-cp39-musllinux_1_1_i686.whl", hash = "sha256:579c11a9f198847ed48dbc4f211c67fe96a73320b87c81f01b044b72e24a7d77"},
    {file = "grpcio_tools-1.58.0-cp39-cp39-musllinux_1_1_x86_64.whl", hash = "sha256:6ca2fc1dd8049d417a5034d944c9df05cee76f855b3e431627ab4292e7c01c47"},
    {file = "grpcio_tools-1.58.0-cp39-cp39-win32.whl", hash = "sha256:453023120114c35d3d9d6717ea0820e5d5c140f51f9d0b621de4397ff854471b"},
    {file = "grpcio_tools-1.58.0-cp39-cp39-win_amd64.whl", hash = "sha256:b6c896f1df99c35cf062d4803c15663ff00a33ff09add28baa6e475cf6b5e258"},
]

[package.dependencies]
grpcio = ">=1.58.0"
protobuf = ">=4.21.6,<5.0dev"
setuptools = "*"

[[package]]
name = "inflection"
version = "0.5.1"
description = "A port of Ruby on Rails inflector to Python"
optional = false
python-versions = ">=3.5"
files = [
    {file = "inflection-0.5.1-py2.py3-none-any.whl", hash = "sha256:f38b2b640938a4f35ade69ac3d053042959b62a0f1076a5bbaa1b9526605a8a2"},
    {file = "inflection-0.5.1.tar.gz", hash = "sha256:1a29730d366e996aaacffb2f1f1cb9593dc38e2ddd30c91250c6dde09ea9b417"},
]

[[package]]
name = "jinja2"
version = "3.1.3"
description = "A very fast and expressive template engine."
optional = false
python-versions = ">=3.7"
files = [
    {file = "Jinja2-3.1.3-py3-none-any.whl", hash = "sha256:7d6d50dd97d52cbc355597bd845fabfbac3f551e1f99619e39a35ce8c370b5fa"},
    {file = "Jinja2-3.1.3.tar.gz", hash = "sha256:ac8bd6544d4bb2c9792bf3a159e80bba8fda7f07e81bc3aed565432d5925ba90"},
]

[package.dependencies]
MarkupSafe = ">=2.0"

[package.extras]
i18n = ["Babel (>=2.7)"]

[[package]]
name = "markupsafe"
version = "2.1.5"
description = "Safely add untrusted strings to HTML/XML markup."
optional = false
python-versions = ">=3.7"
files = [
    {file = "MarkupSafe-2.1.5-cp310-cp310-macosx_10_9_universal2.whl", hash = "sha256:a17a92de5231666cfbe003f0e4b9b3a7ae3afb1ec2845aadc2bacc93ff85febc"},
    {file = "MarkupSafe-2.1.5-cp310-cp310-macosx_10_9_x86_64.whl", hash = "sha256:72b6be590cc35924b02c78ef34b467da4ba07e4e0f0454a2c5907f473fc50ce5"},
    {file = "MarkupSafe-2.1.5-cp310-cp310-manylinux_2_17_aarch64.manylinux2014_aarch64.whl", hash = "sha256:e61659ba32cf2cf1481e575d0462554625196a1f2fc06a1c777d3f48e8865d46"},
    {file = "MarkupSafe-2.1.5-cp310-cp310-manylinux_2_17_x86_64.manylinux2014_x86_64.whl", hash = "sha256:2174c595a0d73a3080ca3257b40096db99799265e1c27cc5a610743acd86d62f"},
    {file = "MarkupSafe-2.1.5-cp310-cp310-manylinux_2_5_i686.manylinux1_i686.manylinux_2_17_i686.manylinux2014_i686.whl", hash = "sha256:ae2ad8ae6ebee9d2d94b17fb62763125f3f374c25618198f40cbb8b525411900"},
    {file = "MarkupSafe-2.1.5-cp310-cp310-musllinux_1_1_aarch64.whl", hash = "sha256:075202fa5b72c86ad32dc7d0b56024ebdbcf2048c0ba09f1cde31bfdd57bcfff"},
    {file = "MarkupSafe-2.1.5-cp310-cp310-musllinux_1_1_i686.whl", hash = "sha256:598e3276b64aff0e7b3451b72e94fa3c238d452e7ddcd893c3ab324717456bad"},
    {file = "MarkupSafe-2.1.5-cp310-cp310-musllinux_1_1_x86_64.whl", hash = "sha256:fce659a462a1be54d2ffcacea5e3ba2d74daa74f30f5f143fe0c58636e355fdd"},
    {file = "MarkupSafe-2.1.5-cp310-cp310-win32.whl", hash = "sha256:d9fad5155d72433c921b782e58892377c44bd6252b5af2f67f16b194987338a4"},
    {file = "MarkupSafe-2.1.5-cp310-cp310-win_amd64.whl", hash = "sha256:bf50cd79a75d181c9181df03572cdce0fbb75cc353bc350712073108cba98de5"},
    {file = "MarkupSafe-2.1.5-cp311-cp311-macosx_10_9_universal2.whl", hash = "sha256:629ddd2ca402ae6dbedfceeba9c46d5f7b2a61d9749597d4307f943ef198fc1f"},
    {file = "MarkupSafe-2.1.5-cp311-cp311-macosx_10_9_x86_64.whl", hash = "sha256:5b7b716f97b52c5a14bffdf688f971b2d5ef4029127f1ad7a513973cfd818df2"},
    {file = "MarkupSafe-2.1.5-cp311-cp311-manylinux_2_17_aarch64.manylinux2014_aarch64.whl", hash = "sha256:6ec585f69cec0aa07d945b20805be741395e28ac1627333b1c5b0105962ffced"},
    {file = "MarkupSafe-2.1.5-cp311-cp311-manylinux_2_17_x86_64.manylinux2014_x86_64.whl", hash = "sha256:b91c037585eba9095565a3556f611e3cbfaa42ca1e865f7b8015fe5c7336d5a5"},
    {file = "MarkupSafe-2.1.5-cp311-cp311-manylinux_2_5_i686.manylinux1_i686.manylinux_2_17_i686.manylinux2014_i686.whl", hash = "sha256:7502934a33b54030eaf1194c21c692a534196063db72176b0c4028e140f8f32c"},
    {file = "MarkupSafe-2.1.5-cp311-cp311-musllinux_1_1_aarch64.whl", hash = "sha256:0e397ac966fdf721b2c528cf028494e86172b4feba51d65f81ffd65c63798f3f"},
    {file = "MarkupSafe-2.1.5-cp311-cp311-musllinux_1_1_i686.whl", hash = "sha256:c061bb86a71b42465156a3ee7bd58c8c2ceacdbeb95d05a99893e08b8467359a"},
    {file = "MarkupSafe-2.1.5-cp311-cp311-musllinux_1_1_x86_64.whl", hash = "sha256:3a57fdd7ce31c7ff06cdfbf31dafa96cc533c21e443d57f5b1ecc6cdc668ec7f"},
    {file = "MarkupSafe-2.1.5-cp311-cp311-win32.whl", hash = "sha256:397081c1a0bfb5124355710fe79478cdbeb39626492b15d399526ae53422b906"},
    {file = "MarkupSafe-2.1.5-cp311-cp311-win_amd64.whl", hash = "sha256:2b7c57a4dfc4f16f7142221afe5ba4e093e09e728ca65c51f5620c9aaeb9a617"},
    {file = "MarkupSafe-2.1.5-cp312-cp312-macosx_10_9_universal2.whl", hash = "sha256:8dec4936e9c3100156f8a2dc89c4b88d5c435175ff03413b443469c7c8c5f4d1"},
    {file = "MarkupSafe-2.1.5-cp312-cp312-macosx_10_9_x86_64.whl", hash = "sha256:3c6b973f22eb18a789b1460b4b91bf04ae3f0c4234a0a6aa6b0a92f6f7b951d4"},
    {file = "MarkupSafe-2.1.5-cp312-cp312-manylinux_2_17_aarch64.manylinux2014_aarch64.whl", hash = "sha256:ac07bad82163452a6884fe8fa0963fb98c2346ba78d779ec06bd7a6262132aee"},
    {file = "MarkupSafe-2.1.5-cp312-cp312-manylinux_2_17_x86_64.manylinux2014_x86_64.whl", hash = "sha256:f5dfb42c4604dddc8e4305050aa6deb084540643ed5804d7455b5df8fe16f5e5"},
    {file = "MarkupSafe-2.1.5-cp312-cp312-manylinux_2_5_i686.manylinux1_i686.manylinux_2_17_i686.manylinux2014_i686.whl", hash = "sha256:ea3d8a3d18833cf4304cd2fc9cbb1efe188ca9b5efef2bdac7adc20594a0e46b"},
    {file = "MarkupSafe-2.1.5-cp312-cp312-musllinux_1_1_aarch64.whl", hash = "sha256:d050b3361367a06d752db6ead6e7edeb0009be66bc3bae0ee9d97fb326badc2a"},
    {file = "MarkupSafe-2.1.5-cp312-cp312-musllinux_1_1_i686.whl", hash = "sha256:bec0a414d016ac1a18862a519e54b2fd0fc8bbfd6890376898a6c0891dd82e9f"},
    {file = "MarkupSafe-2.1.5-cp312-cp312-musllinux_1_1_x86_64.whl", hash = "sha256:58c98fee265677f63a4385256a6d7683ab1832f3ddd1e66fe948d5880c21a169"},
    {file = "MarkupSafe-2.1.5-cp312-cp312-win32.whl", hash = "sha256:8590b4ae07a35970728874632fed7bd57b26b0102df2d2b233b6d9d82f6c62ad"},
    {file = "MarkupSafe-2.1.5-cp312-cp312-win_amd64.whl", hash = "sha256:823b65d8706e32ad2df51ed89496147a42a2a6e01c13cfb6ffb8b1e92bc910bb"},
    {file = "MarkupSafe-2.1.5-cp37-cp37m-macosx_10_9_x86_64.whl", hash = "sha256:c8b29db45f8fe46ad280a7294f5c3ec36dbac9491f2d1c17345be8e69cc5928f"},
    {file = "MarkupSafe-2.1.5-cp37-cp37m-manylinux_2_17_aarch64.manylinux2014_aarch64.whl", hash = "sha256:ec6a563cff360b50eed26f13adc43e61bc0c04d94b8be985e6fb24b81f6dcfdf"},
    {file = "MarkupSafe-2.1.5-cp37-cp37m-manylinux_2_17_x86_64.manylinux2014_x86_64.whl", hash = "sha256:a549b9c31bec33820e885335b451286e2969a2d9e24879f83fe904a5ce59d70a"},
    {file = "MarkupSafe-2.1.5-cp37-cp37m-manylinux_2_5_i686.manylinux1_i686.manylinux_2_17_i686.manylinux2014_i686.whl", hash = "sha256:4f11aa001c540f62c6166c7726f71f7573b52c68c31f014c25cc7901deea0b52"},
    {file = "MarkupSafe-2.1.5-cp37-cp37m-musllinux_1_1_aarch64.whl", hash = "sha256:7b2e5a267c855eea6b4283940daa6e88a285f5f2a67f2220203786dfa59b37e9"},
    {file = "MarkupSafe-2.1.5-cp37-cp37m-musllinux_1_1_i686.whl", hash = "sha256:2d2d793e36e230fd32babe143b04cec8a8b3eb8a3122d2aceb4a371e6b09b8df"},
    {file = "MarkupSafe-2.1.5-cp37-cp37m-musllinux_1_1_x86_64.whl", hash = "sha256:ce409136744f6521e39fd8e2a24c53fa18ad67aa5bc7c2cf83645cce5b5c4e50"},
    {file = "MarkupSafe-2.1.5-cp37-cp37m-win32.whl", hash = "sha256:4096e9de5c6fdf43fb4f04c26fb114f61ef0bf2e5604b6ee3019d51b69e8c371"},
    {file = "MarkupSafe-2.1.5-cp37-cp37m-win_amd64.whl", hash = "sha256:4275d846e41ecefa46e2015117a9f491e57a71ddd59bbead77e904dc02b1bed2"},
    {file = "MarkupSafe-2.1.5-cp38-cp38-macosx_10_9_universal2.whl", hash = "sha256:656f7526c69fac7f600bd1f400991cc282b417d17539a1b228617081106feb4a"},
    {file = "MarkupSafe-2.1.5-cp38-cp38-macosx_10_9_x86_64.whl", hash = "sha256:97cafb1f3cbcd3fd2b6fbfb99ae11cdb14deea0736fc2b0952ee177f2b813a46"},
    {file = "MarkupSafe-2.1.5-cp38-cp38-manylinux_2_17_aarch64.manylinux2014_aarch64.whl", hash = "sha256:1f3fbcb7ef1f16e48246f704ab79d79da8a46891e2da03f8783a5b6fa41a9532"},
    {file = "MarkupSafe-2.1.5-cp38-cp38-manylinux_2_17_x86_64.manylinux2014_x86_64.whl", hash = "sha256:fa9db3f79de01457b03d4f01b34cf91bc0048eb2c3846ff26f66687c2f6d16ab"},
    {file = "MarkupSafe-2.1.5-cp38-cp38-manylinux_2_5_i686.manylinux1_i686.manylinux_2_17_i686.manylinux2014_i686.whl", hash = "sha256:ffee1f21e5ef0d712f9033568f8344d5da8cc2869dbd08d87c84656e6a2d2f68"},
    {file = "MarkupSafe-2.1.5-cp38-cp38-musllinux_1_1_aarch64.whl", hash = "sha256:5dedb4db619ba5a2787a94d877bc8ffc0566f92a01c0ef214865e54ecc9ee5e0"},
    {file = "MarkupSafe-2.1.5-cp38-cp38-musllinux_1_1_i686.whl", hash = "sha256:30b600cf0a7ac9234b2638fbc0fb6158ba5bdcdf46aeb631ead21248b9affbc4"},
    {file = "MarkupSafe-2.1.5-cp38-cp38-musllinux_1_1_x86_64.whl", hash = "sha256:8dd717634f5a044f860435c1d8c16a270ddf0ef8588d4887037c5028b859b0c3"},
    {file = "MarkupSafe-2.1.5-cp38-cp38-win32.whl", hash = "sha256:daa4ee5a243f0f20d528d939d06670a298dd39b1ad5f8a72a4275124a7819eff"},
    {file = "MarkupSafe-2.1.5-cp38-cp38-win_amd64.whl", hash = "sha256:619bc166c4f2de5caa5a633b8b7326fbe98e0ccbfacabd87268a2b15ff73a029"},
    {file = "MarkupSafe-2.1.5-cp39-cp39-macosx_10_9_universal2.whl", hash = "sha256:7a68b554d356a91cce1236aa7682dc01df0edba8d043fd1ce607c49dd3c1edcf"},
    {file = "MarkupSafe-2.1.5-cp39-cp39-macosx_10_9_x86_64.whl", hash = "sha256:db0b55e0f3cc0be60c1f19efdde9a637c32740486004f20d1cff53c3c0ece4d2"},
    {file = "MarkupSafe-2.1.5-cp39-cp39-manylinux_2_17_aarch64.manylinux2014_aarch64.whl", hash = "sha256:3e53af139f8579a6d5f7b76549125f0d94d7e630761a2111bc431fd820e163b8"},
    {file = "MarkupSafe-2.1.5-cp39-cp39-manylinux_2_17_x86_64.manylinux2014_x86_64.whl", hash = "sha256:17b950fccb810b3293638215058e432159d2b71005c74371d784862b7e4683f3"},
    {file = "MarkupSafe-2.1.5-cp39-cp39-manylinux_2_5_i686.manylinux1_i686.manylinux_2_17_i686.manylinux2014_i686.whl", hash = "sha256:4c31f53cdae6ecfa91a77820e8b151dba54ab528ba65dfd235c80b086d68a465"},
    {file = "MarkupSafe-2.1.5-cp39-cp39-musllinux_1_1_aarch64.whl", hash = "sha256:bff1b4290a66b490a2f4719358c0cdcd9bafb6b8f061e45c7a2460866bf50c2e"},
    {file = "MarkupSafe-2.1.5-cp39-cp39-musllinux_1_1_i686.whl", hash = "sha256:bc1667f8b83f48511b94671e0e441401371dfd0f0a795c7daa4a3cd1dde55bea"},
    {file = "MarkupSafe-2.1.5-cp39-cp39-musllinux_1_1_x86_64.whl", hash = "sha256:5049256f536511ee3f7e1b3f87d1d1209d327e818e6ae1365e8653d7e3abb6a6"},
    {file = "MarkupSafe-2.1.5-cp39-cp39-win32.whl", hash = "sha256:00e046b6dd71aa03a41079792f8473dc494d564611a8f89bbbd7cb93295ebdcf"},
    {file = "MarkupSafe-2.1.5-cp39-cp39-win_amd64.whl", hash = "sha256:fa173ec60341d6bb97a89f5ea19c85c5643c1e7dedebc22f5181eb73573142c5"},
    {file = "MarkupSafe-2.1.5.tar.gz", hash = "sha256:d283d37a890ba4c1ae73ffadf8046435c76e7bc2247bbb63c00bd1a709c6544b"},
]

[[package]]
name = "mypy-protobuf"
version = "3.5.0"
description = "Generate mypy stub files from protobuf specs"
optional = false
python-versions = ">=3.8"
files = [
    {file = "mypy-protobuf-3.5.0.tar.gz", hash = "sha256:21f270da0a9792a9dac76b0df463c027e561664ab6973c59be4e4d064dfe67dc"},
    {file = "mypy_protobuf-3.5.0-py3-none-any.whl", hash = "sha256:0d0548c6b9a6faf14ce1a9ce2831c403a5c1f2a9363e85b1e2c51d5d57aa8393"},
]

[package.dependencies]
protobuf = ">=4.23.4"
types-protobuf = ">=4.23.0.2"

[[package]]
name = "numpy"
version = "1.26.4"
description = "Fundamental package for array computing in Python"
optional = true
python-versions = ">=3.9"
files = [
    {file = "numpy-1.26.4-cp310-cp310-macosx_10_9_x86_64.whl", hash = "sha256:9ff0f4f29c51e2803569d7a51c2304de5554655a60c5d776e35b4a41413830d0"},
    {file = "numpy-1.26.4-cp310-cp310-macosx_11_0_arm64.whl", hash = "sha256:2e4ee3380d6de9c9ec04745830fd9e2eccb3e6cf790d39d7b98ffd19b0dd754a"},
    {file = "numpy-1.26.4-cp310-cp310-manylinux_2_17_aarch64.manylinux2014_aarch64.whl", hash = "sha256:d209d8969599b27ad20994c8e41936ee0964e6da07478d6c35016bc386b66ad4"},
    {file = "numpy-1.26.4-cp310-cp310-manylinux_2_17_x86_64.manylinux2014_x86_64.whl", hash = "sha256:ffa75af20b44f8dba823498024771d5ac50620e6915abac414251bd971b4529f"},
    {file = "numpy-1.26.4-cp310-cp310-musllinux_1_1_aarch64.whl", hash = "sha256:62b8e4b1e28009ef2846b4c7852046736bab361f7aeadeb6a5b89ebec3c7055a"},
    {file = "numpy-1.26.4-cp310-cp310-musllinux_1_1_x86_64.whl", hash = "sha256:a4abb4f9001ad2858e7ac189089c42178fcce737e4169dc61321660f1a96c7d2"},
    {file = "numpy-1.26.4-cp310-cp310-win32.whl", hash = "sha256:bfe25acf8b437eb2a8b2d49d443800a5f18508cd811fea3181723922a8a82b07"},
    {file = "numpy-1.26.4-cp310-cp310-win_amd64.whl", hash = "sha256:b97fe8060236edf3662adfc2c633f56a08ae30560c56310562cb4f95500022d5"},
    {file = "numpy-1.26.4-cp311-cp311-macosx_10_9_x86_64.whl", hash = "sha256:4c66707fabe114439db9068ee468c26bbdf909cac0fb58686a42a24de1760c71"},
    {file = "numpy-1.26.4-cp311-cp311-macosx_11_0_arm64.whl", hash = "sha256:edd8b5fe47dab091176d21bb6de568acdd906d1887a4584a15a9a96a1dca06ef"},
    {file = "numpy-1.26.4-cp311-cp311-manylinux_2_17_aarch64.manylinux2014_aarch64.whl", hash = "sha256:7ab55401287bfec946ced39700c053796e7cc0e3acbef09993a9ad2adba6ca6e"},
    {file = "numpy-1.26.4-cp311-cp311-manylinux_2_17_x86_64.manylinux2014_x86_64.whl", hash = "sha256:666dbfb6ec68962c033a450943ded891bed2d54e6755e35e5835d63f4f6931d5"},
    {file = "numpy-1.26.4-cp311-cp311-musllinux_1_1_aarch64.whl", hash = "sha256:96ff0b2ad353d8f990b63294c8986f1ec3cb19d749234014f4e7eb0112ceba5a"},
    {file = "numpy-1.26.4-cp311-cp311-musllinux_1_1_x86_64.whl", hash = "sha256:60dedbb91afcbfdc9bc0b1f3f402804070deed7392c23eb7a7f07fa857868e8a"},
    {file = "numpy-1.26.4-cp311-cp311-win32.whl", hash = "sha256:1af303d6b2210eb850fcf03064d364652b7120803a0b872f5211f5234b399f20"},
    {file = "numpy-1.26.4-cp311-cp311-win_amd64.whl", hash = "sha256:cd25bcecc4974d09257ffcd1f098ee778f7834c3ad767fe5db785be9a4aa9cb2"},
    {file = "numpy-1.26.4-cp312-cp312-macosx_10_9_x86_64.whl", hash = "sha256:b3ce300f3644fb06443ee2222c2201dd3a89ea6040541412b8fa189341847218"},
    {file = "numpy-1.26.4-cp312-cp312-macosx_11_0_arm64.whl", hash = "sha256:03a8c78d01d9781b28a6989f6fa1bb2c4f2d51201cf99d3dd875df6fbd96b23b"},
    {file = "numpy-1.26.4-cp312-cp312-manylinux_2_17_aarch64.manylinux2014_aarch64.whl", hash = "sha256:9fad7dcb1aac3c7f0584a5a8133e3a43eeb2fe127f47e3632d43d677c66c102b"},
    {file = "numpy-1.26.4-cp312-cp312-manylinux_2_17_x86_64.manylinux2014_x86_64.whl", hash = "sha256:675d61ffbfa78604709862923189bad94014bef562cc35cf61d3a07bba02a7ed"},
    {file = "numpy-1.26.4-cp312-cp312-musllinux_1_1_aarch64.whl", hash = "sha256:ab47dbe5cc8210f55aa58e4805fe224dac469cde56b9f731a4c098b91917159a"},
    {file = "numpy-1.26.4-cp312-cp312-musllinux_1_1_x86_64.whl", hash = "sha256:1dda2e7b4ec9dd512f84935c5f126c8bd8b9f2fc001e9f54af255e8c5f16b0e0"},
    {file = "numpy-1.26.4-cp312-cp312-win32.whl", hash = "sha256:50193e430acfc1346175fcbdaa28ffec49947a06918b7b92130744e81e640110"},
    {file = "numpy-1.26.4-cp312-cp312-win_amd64.whl", hash = "sha256:08beddf13648eb95f8d867350f6a018a4be2e5ad54c8d8caed89ebca558b2818"},
    {file = "numpy-1.26.4-cp39-cp39-macosx_10_9_x86_64.whl", hash = "sha256:7349ab0fa0c429c82442a27a9673fc802ffdb7c7775fad780226cb234965e53c"},
    {file = "numpy-1.26.4-cp39-cp39-macosx_11_0_arm64.whl", hash = "sha256:52b8b60467cd7dd1e9ed082188b4e6bb35aa5cdd01777621a1658910745b90be"},
    {file = "numpy-1.26.4-cp39-cp39-manylinux_2_17_aarch64.manylinux2014_aarch64.whl", hash = "sha256:d5241e0a80d808d70546c697135da2c613f30e28251ff8307eb72ba696945764"},
    {file = "numpy-1.26.4-cp39-cp39-manylinux_2_17_x86_64.manylinux2014_x86_64.whl", hash = "sha256:f870204a840a60da0b12273ef34f7051e98c3b5961b61b0c2c1be6dfd64fbcd3"},
    {file = "numpy-1.26.4-cp39-cp39-musllinux_1_1_aarch64.whl", hash = "sha256:679b0076f67ecc0138fd2ede3a8fd196dddc2ad3254069bcb9faf9a79b1cebcd"},
    {file = "numpy-1.26.4-cp39-cp39-musllinux_1_1_x86_64.whl", hash = "sha256:47711010ad8555514b434df65f7d7b076bb8261df1ca9bb78f53d3b2db02e95c"},
    {file = "numpy-1.26.4-cp39-cp39-win32.whl", hash = "sha256:a354325ee03388678242a4d7ebcd08b5c727033fcff3b2f536aea978e15ee9e6"},
    {file = "numpy-1.26.4-cp39-cp39-win_amd64.whl", hash = "sha256:3373d5d70a5fe74a2c1bb6d2cfd9609ecf686d47a2d7b1d37a8f3b6bf6003aea"},
    {file = "numpy-1.26.4-pp39-pypy39_pp73-macosx_10_9_x86_64.whl", hash = "sha256:afedb719a9dcfc7eaf2287b839d8198e06dcd4cb5d276a3df279231138e83d30"},
    {file = "numpy-1.26.4-pp39-pypy39_pp73-manylinux_2_17_x86_64.manylinux2014_x86_64.whl", hash = "sha256:95a7476c59002f2f6c590b9b7b998306fba6a5aa646b1e22ddfeaf8f78c3a29c"},
    {file = "numpy-1.26.4-pp39-pypy39_pp73-win_amd64.whl", hash = "sha256:7e50d0a0cc3189f9cb0aeb3a6a6af18c16f59f004b866cd2be1c14b36134a4a0"},
    {file = "numpy-1.26.4.tar.gz", hash = "sha256:2a02aba9ed12e4ac4eb3ea9421c420301a0c6460d9830d74a9df87efa4912010"},
]

[[package]]
name = "pandas"
version = "2.2.1"
description = "Powerful data structures for data analysis, time series, and statistics"
optional = true
python-versions = ">=3.9"
files = [
    {file = "pandas-2.2.1-cp310-cp310-macosx_10_9_x86_64.whl", hash = "sha256:8df8612be9cd1c7797c93e1c5df861b2ddda0b48b08f2c3eaa0702cf88fb5f88"},
    {file = "pandas-2.2.1-cp310-cp310-macosx_11_0_arm64.whl", hash = "sha256:0f573ab277252ed9aaf38240f3b54cfc90fff8e5cab70411ee1d03f5d51f3944"},
    {file = "pandas-2.2.1-cp310-cp310-manylinux_2_17_aarch64.manylinux2014_aarch64.whl", hash = "sha256:f02a3a6c83df4026e55b63c1f06476c9aa3ed6af3d89b4f04ea656ccdaaaa359"},
    {file = "pandas-2.2.1-cp310-cp310-manylinux_2_17_x86_64.manylinux2014_x86_64.whl", hash = "sha256:c38ce92cb22a4bea4e3929429aa1067a454dcc9c335799af93ba9be21b6beb51"},
    {file = "pandas-2.2.1-cp310-cp310-musllinux_1_1_aarch64.whl", hash = "sha256:c2ce852e1cf2509a69e98358e8458775f89599566ac3775e70419b98615f4b06"},
    {file = "pandas-2.2.1-cp310-cp310-musllinux_1_1_x86_64.whl", hash = "sha256:53680dc9b2519cbf609c62db3ed7c0b499077c7fefda564e330286e619ff0dd9"},
    {file = "pandas-2.2.1-cp310-cp310-win_amd64.whl", hash = "sha256:94e714a1cca63e4f5939cdce5f29ba8d415d85166be3441165edd427dc9f6bc0"},
    {file = "pandas-2.2.1-cp311-cp311-macosx_10_9_x86_64.whl", hash = "sha256:f821213d48f4ab353d20ebc24e4faf94ba40d76680642fb7ce2ea31a3ad94f9b"},
    {file = "pandas-2.2.1-cp311-cp311-macosx_11_0_arm64.whl", hash = "sha256:c70e00c2d894cb230e5c15e4b1e1e6b2b478e09cf27cc593a11ef955b9ecc81a"},
    {file = "pandas-2.2.1-cp311-cp311-manylinux_2_17_aarch64.manylinux2014_aarch64.whl", hash = "sha256:e97fbb5387c69209f134893abc788a6486dbf2f9e511070ca05eed4b930b1b02"},
    {file = "pandas-2.2.1-cp311-cp311-manylinux_2_17_x86_64.manylinux2014_x86_64.whl", hash = "sha256:101d0eb9c5361aa0146f500773395a03839a5e6ecde4d4b6ced88b7e5a1a6403"},
    {file = "pandas-2.2.1-cp311-cp311-musllinux_1_1_aarch64.whl", hash = "sha256:7d2ed41c319c9fb4fd454fe25372028dfa417aacb9790f68171b2e3f06eae8cd"},
    {file = "pandas-2.2.1-cp311-cp311-musllinux_1_1_x86_64.whl", hash = "sha256:af5d3c00557d657c8773ef9ee702c61dd13b9d7426794c9dfeb1dc4a0bf0ebc7"},
    {file = "pandas-2.2.1-cp311-cp311-win_amd64.whl", hash = "sha256:06cf591dbaefb6da9de8472535b185cba556d0ce2e6ed28e21d919704fef1a9e"},
    {file = "pandas-2.2.1-cp312-cp312-macosx_10_9_x86_64.whl", hash = "sha256:88ecb5c01bb9ca927ebc4098136038519aa5d66b44671861ffab754cae75102c"},
    {file = "pandas-2.2.1-cp312-cp312-macosx_11_0_arm64.whl", hash = "sha256:04f6ec3baec203c13e3f8b139fb0f9f86cd8c0b94603ae3ae8ce9a422e9f5bee"},
    {file = "pandas-2.2.1-cp312-cp312-manylinux_2_17_aarch64.manylinux2014_aarch64.whl", hash = "sha256:a935a90a76c44fe170d01e90a3594beef9e9a6220021acfb26053d01426f7dc2"},
    {file = "pandas-2.2.1-cp312-cp312-manylinux_2_17_x86_64.manylinux2014_x86_64.whl", hash = "sha256:c391f594aae2fd9f679d419e9a4d5ba4bce5bb13f6a989195656e7dc4b95c8f0"},
    {file = "pandas-2.2.1-cp312-cp312-musllinux_1_1_aarch64.whl", hash = "sha256:9d1265545f579edf3f8f0cb6f89f234f5e44ba725a34d86535b1a1d38decbccc"},
    {file = "pandas-2.2.1-cp312-cp312-musllinux_1_1_x86_64.whl", hash = "sha256:11940e9e3056576ac3244baef2fedade891977bcc1cb7e5cc8f8cc7d603edc89"},
    {file = "pandas-2.2.1-cp312-cp312-win_amd64.whl", hash = "sha256:4acf681325ee1c7f950d058b05a820441075b0dd9a2adf5c4835b9bc056bf4fb"},
    {file = "pandas-2.2.1-cp39-cp39-macosx_10_9_x86_64.whl", hash = "sha256:9bd8a40f47080825af4317d0340c656744f2bfdb6819f818e6ba3cd24c0e1397"},
    {file = "pandas-2.2.1-cp39-cp39-macosx_11_0_arm64.whl", hash = "sha256:df0c37ebd19e11d089ceba66eba59a168242fc6b7155cba4ffffa6eccdfb8f16"},
    {file = "pandas-2.2.1-cp39-cp39-manylinux_2_17_aarch64.manylinux2014_aarch64.whl", hash = "sha256:739cc70eaf17d57608639e74d63387b0d8594ce02f69e7a0b046f117974b3019"},
    {file = "pandas-2.2.1-cp39-cp39-manylinux_2_17_x86_64.manylinux2014_x86_64.whl", hash = "sha256:f9d3558d263073ed95e46f4650becff0c5e1ffe0fc3a015de3c79283dfbdb3df"},
    {file = "pandas-2.2.1-cp39-cp39-musllinux_1_1_aarch64.whl", hash = "sha256:4aa1d8707812a658debf03824016bf5ea0d516afdea29b7dc14cf687bc4d4ec6"},
    {file = "pandas-2.2.1-cp39-cp39-musllinux_1_1_x86_64.whl", hash = "sha256:76f27a809cda87e07f192f001d11adc2b930e93a2b0c4a236fde5429527423be"},
    {file = "pandas-2.2.1-cp39-cp39-win_amd64.whl", hash = "sha256:1ba21b1d5c0e43416218db63037dbe1a01fc101dc6e6024bcad08123e48004ab"},
    {file = "pandas-2.2.1.tar.gz", hash = "sha256:0ab90f87093c13f3e8fa45b48ba9f39181046e8f3317d3aadb2fffbb1b978572"},
]

[package.dependencies]
numpy = [
    {version = ">=1.22.4,<2", markers = "python_version < \"3.11\""},
    {version = ">=1.23.2,<2", markers = "python_version == \"3.11\""},
    {version = ">=1.26.0,<2", markers = "python_version >= \"3.12\""},
]
python-dateutil = ">=2.8.2"
pytz = ">=2020.1"
tzdata = ">=2022.7"

[package.extras]
all = ["PyQt5 (>=5.15.9)", "SQLAlchemy (>=2.0.0)", "adbc-driver-postgresql (>=0.8.0)", "adbc-driver-sqlite (>=0.8.0)", "beautifulsoup4 (>=4.11.2)", "bottleneck (>=1.3.6)", "dataframe-api-compat (>=0.1.7)", "fastparquet (>=2022.12.0)", "fsspec (>=2022.11.0)", "gcsfs (>=2022.11.0)", "html5lib (>=1.1)", "hypothesis (>=6.46.1)", "jinja2 (>=3.1.2)", "lxml (>=4.9.2)", "matplotlib (>=3.6.3)", "numba (>=0.56.4)", "numexpr (>=2.8.4)", "odfpy (>=1.4.1)", "openpyxl (>=3.1.0)", "pandas-gbq (>=0.19.0)", "psycopg2 (>=2.9.6)", "pyarrow (>=10.0.1)", "pymysql (>=1.0.2)", "pyreadstat (>=1.2.0)", "pytest (>=7.3.2)", "pytest-xdist (>=2.2.0)", "python-calamine (>=0.1.7)", "pyxlsb (>=1.0.10)", "qtpy (>=2.3.0)", "s3fs (>=2022.11.0)", "scipy (>=1.10.0)", "tables (>=3.8.0)", "tabulate (>=0.9.0)", "xarray (>=2022.12.0)", "xlrd (>=2.0.1)", "xlsxwriter (>=3.0.5)", "zstandard (>=0.19.0)"]
aws = ["s3fs (>=2022.11.0)"]
clipboard = ["PyQt5 (>=5.15.9)", "qtpy (>=2.3.0)"]
compression = ["zstandard (>=0.19.0)"]
computation = ["scipy (>=1.10.0)", "xarray (>=2022.12.0)"]
consortium-standard = ["dataframe-api-compat (>=0.1.7)"]
excel = ["odfpy (>=1.4.1)", "openpyxl (>=3.1.0)", "python-calamine (>=0.1.7)", "pyxlsb (>=1.0.10)", "xlrd (>=2.0.1)", "xlsxwriter (>=3.0.5)"]
feather = ["pyarrow (>=10.0.1)"]
fss = ["fsspec (>=2022.11.0)"]
gcp = ["gcsfs (>=2022.11.0)", "pandas-gbq (>=0.19.0)"]
hdf5 = ["tables (>=3.8.0)"]
html = ["beautifulsoup4 (>=4.11.2)", "html5lib (>=1.1)", "lxml (>=4.9.2)"]
mysql = ["SQLAlchemy (>=2.0.0)", "pymysql (>=1.0.2)"]
output-formatting = ["jinja2 (>=3.1.2)", "tabulate (>=0.9.0)"]
parquet = ["pyarrow (>=10.0.1)"]
performance = ["bottleneck (>=1.3.6)", "numba (>=0.56.4)", "numexpr (>=2.8.4)"]
plot = ["matplotlib (>=3.6.3)"]
postgresql = ["SQLAlchemy (>=2.0.0)", "adbc-driver-postgresql (>=0.8.0)", "psycopg2 (>=2.9.6)"]
pyarrow = ["pyarrow (>=10.0.1)"]
spss = ["pyreadstat (>=1.2.0)"]
sql-other = ["SQLAlchemy (>=2.0.0)", "adbc-driver-postgresql (>=0.8.0)", "adbc-driver-sqlite (>=0.8.0)"]
test = ["hypothesis (>=6.46.1)", "pytest (>=7.3.2)", "pytest-xdist (>=2.2.0)"]
xml = ["lxml (>=4.9.2)"]

[[package]]
name = "protobuf"
version = "4.25.3"
description = ""
optional = false
python-versions = ">=3.8"
files = [
    {file = "protobuf-4.25.3-cp310-abi3-win32.whl", hash = "sha256:d4198877797a83cbfe9bffa3803602bbe1625dc30d8a097365dbc762e5790faa"},
    {file = "protobuf-4.25.3-cp310-abi3-win_amd64.whl", hash = "sha256:209ba4cc916bab46f64e56b85b090607a676f66b473e6b762e6f1d9d591eb2e8"},
    {file = "protobuf-4.25.3-cp37-abi3-macosx_10_9_universal2.whl", hash = "sha256:f1279ab38ecbfae7e456a108c5c0681e4956d5b1090027c1de0f934dfdb4b35c"},
    {file = "protobuf-4.25.3-cp37-abi3-manylinux2014_aarch64.whl", hash = "sha256:e7cb0ae90dd83727f0c0718634ed56837bfeeee29a5f82a7514c03ee1364c019"},
    {file = "protobuf-4.25.3-cp37-abi3-manylinux2014_x86_64.whl", hash = "sha256:7c8daa26095f82482307bc717364e7c13f4f1c99659be82890dcfc215194554d"},
    {file = "protobuf-4.25.3-cp38-cp38-win32.whl", hash = "sha256:f4f118245c4a087776e0a8408be33cf09f6c547442c00395fbfb116fac2f8ac2"},
    {file = "protobuf-4.25.3-cp38-cp38-win_amd64.whl", hash = "sha256:c053062984e61144385022e53678fbded7aea14ebb3e0305ae3592fb219ccfa4"},
    {file = "protobuf-4.25.3-cp39-cp39-win32.whl", hash = "sha256:19b270aeaa0099f16d3ca02628546b8baefe2955bbe23224aaf856134eccf1e4"},
    {file = "protobuf-4.25.3-cp39-cp39-win_amd64.whl", hash = "sha256:e3c97a1555fd6388f857770ff8b9703083de6bf1f9274a002a332d65fbb56c8c"},
    {file = "protobuf-4.25.3-py3-none-any.whl", hash = "sha256:f0700d54bcf45424477e46a9f0944155b46fb0639d69728739c0e47bab83f2b9"},
    {file = "protobuf-4.25.3.tar.gz", hash = "sha256:25b5d0b42fd000320bd7830b349e3b696435f3b329810427a6bcce6a5492cc5c"},
]

[[package]]
name = "pycodestyle"
version = "2.11.1"
description = "Python style guide checker"
optional = false
python-versions = ">=3.8"
files = [
    {file = "pycodestyle-2.11.1-py2.py3-none-any.whl", hash = "sha256:44fe31000b2d866f2e41841b18528a505fbd7fef9017b04eff4e2648a0fadc67"},
    {file = "pycodestyle-2.11.1.tar.gz", hash = "sha256:41ba0e7afc9752dfb53ced5489e89f8186be00e599e712660695b7a75ff2663f"},
]

[[package]]
name = "python-dateutil"
version = "2.9.0.post0"
description = "Extensions to the standard Python datetime module"
optional = true
python-versions = "!=3.0.*,!=3.1.*,!=3.2.*,>=2.7"
files = [
    {file = "python-dateutil-2.9.0.post0.tar.gz", hash = "sha256:37dd54208da7e1cd875388217d5e00ebd4179249f90fb72437e91a35459a0ad3"},
    {file = "python_dateutil-2.9.0.post0-py2.py3-none-any.whl", hash = "sha256:a8b2bc7bffae282281c8140a97d3aa9c14da0b136dfe83f850eea9a5f7470427"},
]

[package.dependencies]
six = ">=1.5"

[[package]]
name = "pytz"
version = "2024.1"
description = "World timezone definitions, modern and historical"
optional = true
python-versions = "*"
files = [
    {file = "pytz-2024.1-py2.py3-none-any.whl", hash = "sha256:328171f4e3623139da4983451950b28e95ac706e13f3f2630a879749e7a8b319"},
    {file = "pytz-2024.1.tar.gz", hash = "sha256:2a29735ea9c18baf14b448846bde5a48030ed267578472d8955cd0e7443a9812"},
]

[[package]]
name = "setuptools"
version = "69.1.1"
description = "Easily download, build, install, upgrade, and uninstall Python packages"
optional = false
python-versions = ">=3.8"
files = [
    {file = "setuptools-69.1.1-py3-none-any.whl", hash = "sha256:02fa291a0471b3a18b2b2481ed902af520c69e8ae0919c13da936542754b4c56"},
    {file = "setuptools-69.1.1.tar.gz", hash = "sha256:5c0806c7d9af348e6dd3777b4f4dbb42c7ad85b190104837488eab9a7c945cf8"},
]

[package.extras]
docs = ["furo", "jaraco.packaging (>=9.3)", "jaraco.tidelift (>=1.4)", "pygments-github-lexers (==0.0.5)", "rst.linker (>=1.9)", "sphinx (<7.2.5)", "sphinx (>=3.5)", "sphinx-favicon", "sphinx-inline-tabs", "sphinx-lint", "sphinx-notfound-page (>=1,<2)", "sphinx-reredirects", "sphinxcontrib-towncrier"]
testing = ["build[virtualenv]", "filelock (>=3.4.0)", "flake8-2020", "ini2toml[lite] (>=0.9)", "jaraco.develop (>=7.21)", "jaraco.envs (>=2.2)", "jaraco.path (>=3.2.0)", "packaging (>=23.2)", "pip (>=19.1)", "pytest (>=6)", "pytest-checkdocs (>=2.4)", "pytest-cov", "pytest-enabler (>=2.2)", "pytest-home (>=0.5)", "pytest-mypy (>=0.9.1)", "pytest-perf", "pytest-ruff (>=0.2.1)", "pytest-timeout", "pytest-xdist", "tomli-w (>=1.0.0)", "virtualenv (>=13.0.0)", "wheel"]
testing-integration = ["build[virtualenv] (>=1.0.3)", "filelock (>=3.4.0)", "jaraco.envs (>=2.2)", "jaraco.path (>=3.2.0)", "packaging (>=23.2)", "pytest", "pytest-enabler", "pytest-xdist", "tomli", "virtualenv (>=13.0.0)", "wheel"]

[[package]]
name = "six"
version = "1.16.0"
description = "Python 2 and 3 compatibility utilities"
optional = true
python-versions = ">=2.7, !=3.0.*, !=3.1.*, !=3.2.*"
files = [
    {file = "six-1.16.0-py2.py3-none-any.whl", hash = "sha256:8abb2f1d86890a2dfb989f9a77cfcfd3e47c2a354b01111771326f8aa26e0254"},
    {file = "six-1.16.0.tar.gz", hash = "sha256:1e61c37477a1626458e36f7b1d82aa5c9b094fa4802892072e49de9c60c4c926"},
]

[[package]]
name = "tomli"
version = "2.0.1"
description = "A lil' TOML parser"
optional = false
python-versions = ">=3.7"
files = [
    {file = "tomli-2.0.1-py3-none-any.whl", hash = "sha256:939de3e7a6161af0c887ef91b7d41a53e7c5a1ca976325f429cb46ea9bc30ecc"},
    {file = "tomli-2.0.1.tar.gz", hash = "sha256:de526c12914f0c550d15924c62d72abc48d6fe7364aa87328337a31007fe8a4f"},
]

[[package]]
name = "types-protobuf"
version = "4.24.0.20240302"
description = "Typing stubs for protobuf"
optional = false
python-versions = ">=3.8"
files = [
    {file = "types-protobuf-4.24.0.20240302.tar.gz", hash = "sha256:f22c00cc0cea9722e71e14d389bba429af9e35a74a949719c167203a5abbe2e4"},
    {file = "types_protobuf-4.24.0.20240302-py3-none-any.whl", hash = "sha256:5c607990f50f14606c2edaf379f8acc7418fef1451b227aa3c6a8a2cbc6ff14a"},
]

[[package]]
name = "tzdata"
version = "2024.1"
description = "Provider of IANA time zone data"
optional = true
python-versions = ">=2"
files = [
    {file = "tzdata-2024.1-py2.py3-none-any.whl", hash = "sha256:9068bc196136463f5245e51efda838afa15aaeca9903f49050dfa2679db4d252"},
    {file = "tzdata-2024.1.tar.gz", hash = "sha256:2674120f8d891909751c38abcdfd386ac0a5a1127954fbc332af6b5ceae07efd"},
]

[extras]
pandas = ["pandas"]

[metadata]
lock-version = "2.0"
python-versions = "^3.9"
content-hash = "ededf867f20f7aceb08cc44fae64a8cf7193730eac7a7ed2fbdaabc2ca055a6c"
